// !$*UTF8*$!
{
	archiveVersion = 1;
	classes = {
	};
	objectVersion = 77;
	objects = {

/* Begin PBXBuildFile section */
		C35A69042F037AE500447267 /* Algorithms in Frameworks */ = {isa = PBXBuildFile; productRef = C35A69032F037AE500447267 /* Algorithms */; };
		C37AB2BE2F09AFFE008CE98D /* PersistencyLayer in Frameworks */ = {isa = PBXBuildFile; productRef = C37AB2BD2F09AFFE008CE98D /* PersistencyLayer */; };
		C37AB2C12F09B00E008CE98D /* SwiftDataQuery in Frameworks */ = {isa = PBXBuildFile; productRef = C37AB2C02F09B00E008CE98D /* SwiftDataQuery */; };
/* End PBXBuildFile section */

/* Begin PBXContainerItemProxy section */
		C35A68E62F037AA000447267 /* PBXContainerItemProxy */ = {
			isa = PBXContainerItemProxy;
			containerPortal = C35A68CE2F037A9F00447267 /* Project object */;
			proxyType = 1;
			remoteGlobalIDString = C35A68D52F037A9F00447267;
			remoteInfo = Wims;
		};
		C35A68F02F037AA000447267 /* PBXContainerItemProxy */ = {
			isa = PBXContainerItemProxy;
			containerPortal = C35A68CE2F037A9F00447267 /* Project object */;
			proxyType = 1;
			remoteGlobalIDString = C35A68D52F037A9F00447267;
			remoteInfo = Wims;
		};
/* End PBXContainerItemProxy section */

/* Begin PBXFileReference section */
		C35A68D62F037A9F00447267 /* Wims.app */ = {isa = PBXFileReference; explicitFileType = wrapper.application; includeInIndex = 0; path = Wims.app; sourceTree = BUILT_PRODUCTS_DIR; };
		C35A68E52F037AA000447267 /* WimsTests.xctest */ = {isa = PBXFileReference; explicitFileType = wrapper.cfbundle; includeInIndex = 0; path = WimsTests.xctest; sourceTree = BUILT_PRODUCTS_DIR; };
		C35A68EF2F037AA000447267 /* WimsUITests.xctest */ = {isa = PBXFileReference; explicitFileType = wrapper.cfbundle; includeInIndex = 0; path = WimsUITests.xctest; sourceTree = BUILT_PRODUCTS_DIR; };
		C37AB2BA2F089DE5008CE98D /* SwiftDataQuery */ = {isa = PBXFileReference; lastKnownFileType = wrapper; name = SwiftDataQuery; path = ../SwiftDataQuery; sourceTree = SOURCE_ROOT; };
		C37AB2BB2F089F7B008CE98D /* PersistencyLayer */ = {isa = PBXFileReference; lastKnownFileType = wrapper; name = PersistencyLayer; path = ../PersistencyLayer; sourceTree = SOURCE_ROOT; };
/* End PBXFileReference section */

/* Begin PBXFileSystemSynchronizedRootGroup section */
		C35A68D82F037A9F00447267 /* Wims */ = {
			isa = PBXFileSystemSynchronizedRootGroup;
			path = Wims;
			sourceTree = "<group>";
		};
		C35A68E82F037AA000447267 /* WimsTests */ = {
			isa = PBXFileSystemSynchronizedRootGroup;
			path = WimsTests;
			sourceTree = "<group>";
		};
		C35A68F22F037AA000447267 /* WimsUITests */ = {
			isa = PBXFileSystemSynchronizedRootGroup;
			path = WimsUITests;
			sourceTree = "<group>";
		};
/* End PBXFileSystemSynchronizedRootGroup section */

/* Begin PBXFrameworksBuildPhase section */
		C35A68D32F037A9F00447267 /* Frameworks */ = {
			isa = PBXFrameworksBuildPhase;
			buildActionMask = 2147483647;
			files = (
				C37AB2BE2F09AFFE008CE98D /* PersistencyLayer in Frameworks */,
				C35A69042F037AE500447267 /* Algorithms in Frameworks */,
				C37AB2C12F09B00E008CE98D /* SwiftDataQuery in Frameworks */,
			);
			runOnlyForDeploymentPostprocessing = 0;
		};
		C35A68E22F037AA000447267 /* Frameworks */ = {
			isa = PBXFrameworksBuildPhase;
			buildActionMask = 2147483647;
			files = (
			);
			runOnlyForDeploymentPostprocessing = 0;
		};
		C35A68EC2F037AA000447267 /* Frameworks */ = {
			isa = PBXFrameworksBuildPhase;
			buildActionMask = 2147483647;
			files = (
			);
			runOnlyForDeploymentPostprocessing = 0;
		};
/* End PBXFrameworksBuildPhase section */

/* Begin PBXGroup section */
		C35A68CD2F037A9F00447267 = {
			isa = PBXGroup;
			children = (
				C37AB2BB2F089F7B008CE98D /* PersistencyLayer */,
				C37AB2BA2F089DE5008CE98D /* SwiftDataQuery */,
				C35A68D82F037A9F00447267 /* Wims */,
				C35A68E82F037AA000447267 /* WimsTests */,
				C35A68F22F037AA000447267 /* WimsUITests */,
				C35A68D72F037A9F00447267 /* Products */,
			);
			sourceTree = "<group>";
		};
		C35A68D72F037A9F00447267 /* Products */ = {
			isa = PBXGroup;
			children = (
				C35A68D62F037A9F00447267 /* Wims.app */,
				C35A68E52F037AA000447267 /* WimsTests.xctest */,
				C35A68EF2F037AA000447267 /* WimsUITests.xctest */,
			);
			name = Products;
			sourceTree = "<group>";
		};
/* End PBXGroup section */

/* Begin PBXNativeTarget section */
		C35A68D52F037A9F00447267 /* Wims */ = {
			isa = PBXNativeTarget;
			buildConfigurationList = C35A68F92F037AA000447267 /* Build configuration list for PBXNativeTarget "Wims" */;
			buildPhases = (
				C35A68D22F037A9F00447267 /* Sources */,
				C35A68D32F037A9F00447267 /* Frameworks */,
				C35A68D42F037A9F00447267 /* Resources */,
			);
			buildRules = (
			);
			dependencies = (
			);
			fileSystemSynchronizedGroups = (
				C35A68D82F037A9F00447267 /* Wims */,
			);
			name = Wims;
			packageProductDependencies = (
				C35A69032F037AE500447267 /* Algorithms */,
				C37AB2BD2F09AFFE008CE98D /* PersistencyLayer */,
				C37AB2C02F09B00E008CE98D /* SwiftDataQuery */,
			);
			productName = Wims;
			productReference = C35A68D62F037A9F00447267 /* Wims.app */;
			productType = "com.apple.product-type.application";
		};
		C35A68E42F037AA000447267 /* WimsTests */ = {
			isa = PBXNativeTarget;
			buildConfigurationList = C35A68FC2F037AA000447267 /* Build configuration list for PBXNativeTarget "WimsTests" */;
			buildPhases = (
				C35A68E12F037AA000447267 /* Sources */,
				C35A68E22F037AA000447267 /* Frameworks */,
				C35A68E32F037AA000447267 /* Resources */,
			);
			buildRules = (
			);
			dependencies = (
				C35A68E72F037AA000447267 /* PBXTargetDependency */,
			);
			fileSystemSynchronizedGroups = (
				C35A68E82F037AA000447267 /* WimsTests */,
			);
			name = WimsTests;
			packageProductDependencies = (
			);
			productName = WimsTests;
			productReference = C35A68E52F037AA000447267 /* WimsTests.xctest */;
			productType = "com.apple.product-type.bundle.unit-test";
		};
		C35A68EE2F037AA000447267 /* WimsUITests */ = {
			isa = PBXNativeTarget;
			buildConfigurationList = C35A68FF2F037AA000447267 /* Build configuration list for PBXNativeTarget "WimsUITests" */;
			buildPhases = (
				C35A68EB2F037AA000447267 /* Sources */,
				C35A68EC2F037AA000447267 /* Frameworks */,
				C35A68ED2F037AA000447267 /* Resources */,
			);
			buildRules = (
			);
			dependencies = (
				C35A68F12F037AA000447267 /* PBXTargetDependency */,
			);
			fileSystemSynchronizedGroups = (
				C35A68F22F037AA000447267 /* WimsUITests */,
			);
			name = WimsUITests;
			packageProductDependencies = (
			);
			productName = WimsUITests;
			productReference = C35A68EF2F037AA000447267 /* WimsUITests.xctest */;
			productType = "com.apple.product-type.bundle.ui-testing";
		};
/* End PBXNativeTarget section */

/* Begin PBXProject section */
		C35A68CE2F037A9F00447267 /* Project object */ = {
			isa = PBXProject;
			attributes = {
				BuildIndependentTargetsInParallel = 1;
				LastSwiftUpdateCheck = 2620;
				LastUpgradeCheck = 2620;
				TargetAttributes = {
					C35A68D52F037A9F00447267 = {
						CreatedOnToolsVersion = 26.2;
					};
					C35A68E42F037AA000447267 = {
						CreatedOnToolsVersion = 26.2;
						TestTargetID = C35A68D52F037A9F00447267;
					};
					C35A68EE2F037AA000447267 = {
						CreatedOnToolsVersion = 26.2;
						TestTargetID = C35A68D52F037A9F00447267;
					};
				};
			};
			buildConfigurationList = C35A68D12F037A9F00447267 /* Build configuration list for PBXProject "Wims" */;
			developmentRegion = en;
			hasScannedForEncodings = 0;
			knownRegions = (
				en,
				Base,
			);
			mainGroup = C35A68CD2F037A9F00447267;
			minimizedProjectReferenceProxies = 1;
			packageReferences = (
				C35A69022F037AE500447267 /* XCRemoteSwiftPackageReference "swift-algorithms" */,
				C37AB2BC2F09AFFE008CE98D /* XCLocalSwiftPackageReference "../PersistencyLayer" */,
				C37AB2BF2F09B00E008CE98D /* XCLocalSwiftPackageReference "../SwiftDataQuery" */,
			);
			preferredProjectObjectVersion = 77;
			productRefGroup = C35A68D72F037A9F00447267 /* Products */;
			projectDirPath = "";
			projectRoot = "";
			targets = (
				C35A68D52F037A9F00447267 /* Wims */,
				C35A68E42F037AA000447267 /* WimsTests */,
				C35A68EE2F037AA000447267 /* WimsUITests */,
			);
		};
/* End PBXProject section */

/* Begin PBXResourcesBuildPhase section */
		C35A68D42F037A9F00447267 /* Resources */ = {
			isa = PBXResourcesBuildPhase;
			buildActionMask = 2147483647;
			files = (
			);
			runOnlyForDeploymentPostprocessing = 0;
		};
		C35A68E32F037AA000447267 /* Resources */ = {
			isa = PBXResourcesBuildPhase;
			buildActionMask = 2147483647;
			files = (
			);
			runOnlyForDeploymentPostprocessing = 0;
		};
		C35A68ED2F037AA000447267 /* Resources */ = {
			isa = PBXResourcesBuildPhase;
			buildActionMask = 2147483647;
			files = (
			);
			runOnlyForDeploymentPostprocessing = 0;
		};
/* End PBXResourcesBuildPhase section */

/* Begin PBXSourcesBuildPhase section */
		C35A68D22F037A9F00447267 /* Sources */ = {
			isa = PBXSourcesBuildPhase;
			buildActionMask = 2147483647;
			files = (
			);
			runOnlyForDeploymentPostprocessing = 0;
		};
		C35A68E12F037AA000447267 /* Sources */ = {
			isa = PBXSourcesBuildPhase;
			buildActionMask = 2147483647;
			files = (
			);
			runOnlyForDeploymentPostprocessing = 0;
		};
		C35A68EB2F037AA000447267 /* Sources */ = {
			isa = PBXSourcesBuildPhase;
			buildActionMask = 2147483647;
			files = (
			);
			runOnlyForDeploymentPostprocessing = 0;
		};
/* End PBXSourcesBuildPhase section */

/* Begin PBXTargetDependency section */
		C35A68E72F037AA000447267 /* PBXTargetDependency */ = {
			isa = PBXTargetDependency;
			target = C35A68D52F037A9F00447267 /* Wims */;
			targetProxy = C35A68E62F037AA000447267 /* PBXContainerItemProxy */;
		};
		C35A68F12F037AA000447267 /* PBXTargetDependency */ = {
			isa = PBXTargetDependency;
			target = C35A68D52F037A9F00447267 /* Wims */;
			targetProxy = C35A68F02F037AA000447267 /* PBXContainerItemProxy */;
		};
/* End PBXTargetDependency section */

/* Begin XCBuildConfiguration section */
		C35A68F72F037AA000447267 /* Debug */ = {
			isa = XCBuildConfiguration;
			buildSettings = {
				ALWAYS_SEARCH_USER_PATHS = NO;
				ASSETCATALOG_COMPILER_GENERATE_SWIFT_ASSET_SYMBOL_EXTENSIONS = YES;
				CLANG_ANALYZER_NONNULL = YES;
				CLANG_ANALYZER_NUMBER_OBJECT_CONVERSION = YES_AGGRESSIVE;
				CLANG_CXX_LANGUAGE_STANDARD = "gnu++20";
				CLANG_ENABLE_MODULES = YES;
				CLANG_ENABLE_OBJC_ARC = YES;
				CLANG_ENABLE_OBJC_WEAK = YES;
				CLANG_WARN_BLOCK_CAPTURE_AUTORELEASING = YES;
				CLANG_WARN_BOOL_CONVERSION = YES;
				CLANG_WARN_COMMA = YES;
				CLANG_WARN_CONSTANT_CONVERSION = YES;
				CLANG_WARN_DEPRECATED_OBJC_IMPLEMENTATIONS = YES;
				CLANG_WARN_DIRECT_OBJC_ISA_USAGE = YES_ERROR;
				CLANG_WARN_DOCUMENTATION_COMMENTS = YES;
				CLANG_WARN_EMPTY_BODY = YES;
				CLANG_WARN_ENUM_CONVERSION = YES;
				CLANG_WARN_INFINITE_RECURSION = YES;
				CLANG_WARN_INT_CONVERSION = YES;
				CLANG_WARN_NON_LITERAL_NULL_CONVERSION = YES;
				CLANG_WARN_OBJC_IMPLICIT_RETAIN_SELF = YES;
				CLANG_WARN_OBJC_LITERAL_CONVERSION = YES;
				CLANG_WARN_OBJC_ROOT_CLASS = YES_ERROR;
				CLANG_WARN_QUOTED_INCLUDE_IN_FRAMEWORK_HEADER = YES;
				CLANG_WARN_RANGE_LOOP_ANALYSIS = YES;
				CLANG_WARN_STRICT_PROTOTYPES = YES;
				CLANG_WARN_SUSPICIOUS_MOVE = YES;
				CLANG_WARN_UNGUARDED_AVAILABILITY = YES_AGGRESSIVE;
				CLANG_WARN_UNREACHABLE_CODE = YES;
				CLANG_WARN__DUPLICATE_METHOD_MATCH = YES;
				COPY_PHASE_STRIP = NO;
				DEBUG_INFORMATION_FORMAT = dwarf;
				ENABLE_STRICT_OBJC_MSGSEND = YES;
				ENABLE_TESTABILITY = YES;
				ENABLE_USER_SCRIPT_SANDBOXING = YES;
				GCC_C_LANGUAGE_STANDARD = gnu17;
				GCC_DYNAMIC_NO_PIC = NO;
				GCC_NO_COMMON_BLOCKS = YES;
				GCC_OPTIMIZATION_LEVEL = 0;
				GCC_PREPROCESSOR_DEFINITIONS = (
					"DEBUG=1",
					"$(inherited)",
				);
				GCC_WARN_64_TO_32_BIT_CONVERSION = YES;
				GCC_WARN_ABOUT_RETURN_TYPE = YES_ERROR;
				GCC_WARN_UNDECLARED_SELECTOR = YES;
				GCC_WARN_UNINITIALIZED_AUTOS = YES_AGGRESSIVE;
				GCC_WARN_UNUSED_FUNCTION = YES;
				GCC_WARN_UNUSED_VARIABLE = YES;
				IPHONEOS_DEPLOYMENT_TARGET = 26.2;
				LOCALIZATION_PREFERS_STRING_CATALOGS = YES;
				MTL_ENABLE_DEBUG_INFO = INCLUDE_SOURCE;
				MTL_FAST_MATH = YES;
				ONLY_ACTIVE_ARCH = YES;
				SDKROOT = iphoneos;
				SWIFT_ACTIVE_COMPILATION_CONDITIONS = "DEBUG $(inherited)";
				SWIFT_OPTIMIZATION_LEVEL = "-Onone";
			};
			name = Debug;
		};
		C35A68F82F037AA000447267 /* Release */ = {
			isa = XCBuildConfiguration;
			buildSettings = {
				ALWAYS_SEARCH_USER_PATHS = NO;
				ASSETCATALOG_COMPILER_GENERATE_SWIFT_ASSET_SYMBOL_EXTENSIONS = YES;
				CLANG_ANALYZER_NONNULL = YES;
				CLANG_ANALYZER_NUMBER_OBJECT_CONVERSION = YES_AGGRESSIVE;
				CLANG_CXX_LANGUAGE_STANDARD = "gnu++20";
				CLANG_ENABLE_MODULES = YES;
				CLANG_ENABLE_OBJC_ARC = YES;
				CLANG_ENABLE_OBJC_WEAK = YES;
				CLANG_WARN_BLOCK_CAPTURE_AUTORELEASING = YES;
				CLANG_WARN_BOOL_CONVERSION = YES;
				CLANG_WARN_COMMA = YES;
				CLANG_WARN_CONSTANT_CONVERSION = YES;
				CLANG_WARN_DEPRECATED_OBJC_IMPLEMENTATIONS = YES;
				CLANG_WARN_DIRECT_OBJC_ISA_USAGE = YES_ERROR;
				CLANG_WARN_DOCUMENTATION_COMMENTS = YES;
				CLANG_WARN_EMPTY_BODY = YES;
				CLANG_WARN_ENUM_CONVERSION = YES;
				CLANG_WARN_INFINITE_RECURSION = YES;
				CLANG_WARN_INT_CONVERSION = YES;
				CLANG_WARN_NON_LITERAL_NULL_CONVERSION = YES;
				CLANG_WARN_OBJC_IMPLICIT_RETAIN_SELF = YES;
				CLANG_WARN_OBJC_LITERAL_CONVERSION = YES;
				CLANG_WARN_OBJC_ROOT_CLASS = YES_ERROR;
				CLANG_WARN_QUOTED_INCLUDE_IN_FRAMEWORK_HEADER = YES;
				CLANG_WARN_RANGE_LOOP_ANALYSIS = YES;
				CLANG_WARN_STRICT_PROTOTYPES = YES;
				CLANG_WARN_SUSPICIOUS_MOVE = YES;
				CLANG_WARN_UNGUARDED_AVAILABILITY = YES_AGGRESSIVE;
				CLANG_WARN_UNREACHABLE_CODE = YES;
				CLANG_WARN__DUPLICATE_METHOD_MATCH = YES;
				COPY_PHASE_STRIP = NO;
				DEBUG_INFORMATION_FORMAT = "dwarf-with-dsym";
				ENABLE_NS_ASSERTIONS = NO;
				ENABLE_STRICT_OBJC_MSGSEND = YES;
				ENABLE_USER_SCRIPT_SANDBOXING = YES;
				GCC_C_LANGUAGE_STANDARD = gnu17;
				GCC_NO_COMMON_BLOCKS = YES;
				GCC_WARN_64_TO_32_BIT_CONVERSION = YES;
				GCC_WARN_ABOUT_RETURN_TYPE = YES_ERROR;
				GCC_WARN_UNDECLARED_SELECTOR = YES;
				GCC_WARN_UNINITIALIZED_AUTOS = YES_AGGRESSIVE;
				GCC_WARN_UNUSED_FUNCTION = YES;
				GCC_WARN_UNUSED_VARIABLE = YES;
				IPHONEOS_DEPLOYMENT_TARGET = 26.2;
				LOCALIZATION_PREFERS_STRING_CATALOGS = YES;
				MTL_ENABLE_DEBUG_INFO = NO;
				MTL_FAST_MATH = YES;
				SDKROOT = iphoneos;
				SWIFT_COMPILATION_MODE = wholemodule;
				VALIDATE_PRODUCT = YES;
			};
			name = Release;
		};
		C35A68FA2F037AA000447267 /* Debug */ = {
			isa = XCBuildConfiguration;
			buildSettings = {
				ASSETCATALOG_COMPILER_APPICON_NAME = AppIcon;
				ASSETCATALOG_COMPILER_GLOBAL_ACCENT_COLOR_NAME = AccentColor;
				CODE_SIGN_STYLE = Automatic;
				CURRENT_PROJECT_VERSION = 1;
				DEVELOPMENT_TEAM = 44BJVN4V77;
				ENABLE_PREVIEWS = YES;
				GENERATE_INFOPLIST_FILE = YES;
				INFOPLIST_KEY_UIApplicationSceneManifest_Generation = YES;
				INFOPLIST_KEY_UIApplicationSupportsIndirectInputEvents = YES;
				INFOPLIST_KEY_UILaunchScreen_Generation = YES;
				INFOPLIST_KEY_UISupportedInterfaceOrientations_iPad = "UIInterfaceOrientationPortrait UIInterfaceOrientationPortraitUpsideDown UIInterfaceOrientationLandscapeLeft UIInterfaceOrientationLandscapeRight";
				INFOPLIST_KEY_UISupportedInterfaceOrientations_iPhone = "UIInterfaceOrientationPortrait UIInterfaceOrientationLandscapeLeft UIInterfaceOrientationLandscapeRight";
				LD_RUNPATH_SEARCH_PATHS = (
					"$(inherited)",
					"@executable_path/Frameworks",
				);
				MARKETING_VERSION = 1.0;
				PRODUCT_BUNDLE_IDENTIFIER = com.wims.ios.Wims;
				PRODUCT_NAME = "$(TARGET_NAME)";
				STRING_CATALOG_GENERATE_SYMBOLS = YES;
				SWIFT_APPROACHABLE_CONCURRENCY = YES;
				SWIFT_DEFAULT_ACTOR_ISOLATION = MainActor;
				SWIFT_EMIT_LOC_STRINGS = YES;
				SWIFT_UPCOMING_FEATURE_MEMBER_IMPORT_VISIBILITY = YES;
				SWIFT_VERSION = 6.0;
				TARGETED_DEVICE_FAMILY = "1,2";
			};
			name = Debug;
		};
		C35A68FB2F037AA000447267 /* Release */ = {
			isa = XCBuildConfiguration;
			buildSettings = {
				ASSETCATALOG_COMPILER_APPICON_NAME = AppIcon;
				ASSETCATALOG_COMPILER_GLOBAL_ACCENT_COLOR_NAME = AccentColor;
				CODE_SIGN_STYLE = Automatic;
				CURRENT_PROJECT_VERSION = 1;
				DEVELOPMENT_TEAM = 44BJVN4V77;
				ENABLE_PREVIEWS = YES;
				GENERATE_INFOPLIST_FILE = YES;
				INFOPLIST_KEY_UIApplicationSceneManifest_Generation = YES;
				INFOPLIST_KEY_UIApplicationSupportsIndirectInputEvents = YES;
				INFOPLIST_KEY_UILaunchScreen_Generation = YES;
				INFOPLIST_KEY_UISupportedInterfaceOrientations_iPad = "UIInterfaceOrientationPortrait UIInterfaceOrientationPortraitUpsideDown UIInterfaceOrientationLandscapeLeft UIInterfaceOrientationLandscapeRight";
				INFOPLIST_KEY_UISupportedInterfaceOrientations_iPhone = "UIInterfaceOrientationPortrait UIInterfaceOrientationLandscapeLeft UIInterfaceOrientationLandscapeRight";
				LD_RUNPATH_SEARCH_PATHS = (
					"$(inherited)",
					"@executable_path/Frameworks",
				);
				MARKETING_VERSION = 1.0;
				PRODUCT_BUNDLE_IDENTIFIER = com.wims.ios.Wims;
				PRODUCT_NAME = "$(TARGET_NAME)";
				STRING_CATALOG_GENERATE_SYMBOLS = YES;
				SWIFT_APPROACHABLE_CONCURRENCY = YES;
				SWIFT_DEFAULT_ACTOR_ISOLATION = MainActor;
				SWIFT_EMIT_LOC_STRINGS = YES;
				SWIFT_UPCOMING_FEATURE_MEMBER_IMPORT_VISIBILITY = YES;
				SWIFT_VERSION = 6.0;
				TARGETED_DEVICE_FAMILY = "1,2";
			};
			name = Release;
		};
		C35A68FD2F037AA000447267 /* Debug */ = {
			isa = XCBuildConfiguration;
			buildSettings = {
				BUNDLE_LOADER = "$(TEST_HOST)";
				CODE_SIGN_STYLE = Automatic;
				CURRENT_PROJECT_VERSION = 1;
				GENERATE_INFOPLIST_FILE = YES;
				IPHONEOS_DEPLOYMENT_TARGET = 26.2;
				MARKETING_VERSION = 1.0;
				PRODUCT_BUNDLE_IDENTIFIER = com.wims.ios.WimsTests;
				PRODUCT_NAME = "$(TARGET_NAME)";
				STRING_CATALOG_GENERATE_SYMBOLS = NO;
				SWIFT_APPROACHABLE_CONCURRENCY = YES;
				SWIFT_EMIT_LOC_STRINGS = NO;
				SWIFT_UPCOMING_FEATURE_MEMBER_IMPORT_VISIBILITY = YES;
				SWIFT_VERSION = 5.0;
				TARGETED_DEVICE_FAMILY = "1,2";
				TEST_HOST = "$(BUILT_PRODUCTS_DIR)/Wims.app/$(BUNDLE_EXECUTABLE_FOLDER_PATH)/Wims";
			};
			name = Debug;
		};
		C35A68FE2F037AA000447267 /* Release */ = {
			isa = XCBuildConfiguration;
			buildSettings = {
				BUNDLE_LOADER = "$(TEST_HOST)";
				CODE_SIGN_STYLE = Automatic;
				CURRENT_PROJECT_VERSION = 1;
				GENERATE_INFOPLIST_FILE = YES;
				IPHONEOS_DEPLOYMENT_TARGET = 26.2;
				MARKETING_VERSION = 1.0;
				PRODUCT_BUNDLE_IDENTIFIER = com.wims.ios.WimsTests;
				PRODUCT_NAME = "$(TARGET_NAME)";
				STRING_CATALOG_GENERATE_SYMBOLS = NO;
				SWIFT_APPROACHABLE_CONCURRENCY = YES;
				SWIFT_EMIT_LOC_STRINGS = NO;
				SWIFT_UPCOMING_FEATURE_MEMBER_IMPORT_VISIBILITY = YES;
				SWIFT_VERSION = 5.0;
				TARGETED_DEVICE_FAMILY = "1,2";
				TEST_HOST = "$(BUILT_PRODUCTS_DIR)/Wims.app/$(BUNDLE_EXECUTABLE_FOLDER_PATH)/Wims";
			};
			name = Release;
		};
		C35A69002F037AA000447267 /* Debug */ = {
			isa = XCBuildConfiguration;
			buildSettings = {
				CODE_SIGN_STYLE = Automatic;
				CURRENT_PROJECT_VERSION = 1;
				GENERATE_INFOPLIST_FILE = YES;
				MARKETING_VERSION = 1.0;
				PRODUCT_BUNDLE_IDENTIFIER = com.wims.ios.WimsUITests;
				PRODUCT_NAME = "$(TARGET_NAME)";
				STRING_CATALOG_GENERATE_SYMBOLS = NO;
				SWIFT_APPROACHABLE_CONCURRENCY = YES;
				SWIFT_EMIT_LOC_STRINGS = NO;
				SWIFT_UPCOMING_FEATURE_MEMBER_IMPORT_VISIBILITY = YES;
				SWIFT_VERSION = 5.0;
				TARGETED_DEVICE_FAMILY = "1,2";
				TEST_TARGET_NAME = Wims;
			};
			name = Debug;
		};
		C35A69012F037AA000447267 /* Release */ = {
			isa = XCBuildConfiguration;
			buildSettings = {
				CODE_SIGN_STYLE = Automatic;
				CURRENT_PROJECT_VERSION = 1;
				GENERATE_INFOPLIST_FILE = YES;
				MARKETING_VERSION = 1.0;
				PRODUCT_BUNDLE_IDENTIFIER = com.wims.ios.WimsUITests;
				PRODUCT_NAME = "$(TARGET_NAME)";
				STRING_CATALOG_GENERATE_SYMBOLS = NO;
				SWIFT_APPROACHABLE_CONCURRENCY = YES;
				SWIFT_EMIT_LOC_STRINGS = NO;
				SWIFT_UPCOMING_FEATURE_MEMBER_IMPORT_VISIBILITY = YES;
				SWIFT_VERSION = 5.0;
				TARGETED_DEVICE_FAMILY = "1,2";
				TEST_TARGET_NAME = Wims;
			};
			name = Release;
		};
/* End XCBuildConfiguration section */

/* Begin XCConfigurationList section */
		C35A68D12F037A9F00447267 /* Build configuration list for PBXProject "Wims" */ = {
			isa = XCConfigurationList;
			buildConfigurations = (
				C35A68F72F037AA000447267 /* Debug */,
				C35A68F82F037AA000447267 /* Release */,
			);
			defaultConfigurationIsVisible = 0;
			defaultConfigurationName = Release;
		};
		C35A68F92F037AA000447267 /* Build configuration list for PBXNativeTarget "Wims" */ = {
			isa = XCConfigurationList;
			buildConfigurations = (
				C35A68FA2F037AA000447267 /* Debug */,
				C35A68FB2F037AA000447267 /* Release */,
			);
			defaultConfigurationIsVisible = 0;
			defaultConfigurationName = Release;
		};
		C35A68FC2F037AA000447267 /* Build configuration list for PBXNativeTarget "WimsTests" */ = {
			isa = XCConfigurationList;
			buildConfigurations = (
				C35A68FD2F037AA000447267 /* Debug */,
				C35A68FE2F037AA000447267 /* Release */,
			);
			defaultConfigurationIsVisible = 0;
			defaultConfigurationName = Release;
		};
		C35A68FF2F037AA000447267 /* Build configuration list for PBXNativeTarget "WimsUITests" */ = {
			isa = XCConfigurationList;
			buildConfigurations = (
				C35A69002F037AA000447267 /* Debug */,
				C35A69012F037AA000447267 /* Release */,
			);
			defaultConfigurationIsVisible = 0;
			defaultConfigurationName = Release;
		};
/* End XCConfigurationList section */

/* Begin XCLocalSwiftPackageReference section */
		C37AB2BC2F09AFFE008CE98D /* XCLocalSwiftPackageReference "../PersistencyLayer" */ = {
			isa = XCLocalSwiftPackageReference;
			relativePath = ../PersistencyLayer;
		};
		C37AB2BF2F09B00E008CE98D /* XCLocalSwiftPackageReference "../SwiftDataQuery" */ = {
			isa = XCLocalSwiftPackageReference;
			relativePath = ../SwiftDataQuery;
		};
/* End XCLocalSwiftPackageReference section */

/* Begin XCRemoteSwiftPackageReference section */
		C35A69022F037AE500447267 /* XCRemoteSwiftPackageReference "swift-algorithms" */ = {
			isa = XCRemoteSwiftPackageReference;
			repositoryURL = "https://github.com/apple/swift-algorithms.git";
			requirement = {
				kind = upToNextMajorVersion;
				minimumVersion = 1.2.1;
			};
		};
/* End XCRemoteSwiftPackageReference section */

/* Begin XCSwiftPackageProductDependency section */
		C35A69032F037AE500447267 /* Algorithms */ = {
			isa = XCSwiftPackageProductDependency;
			package = C35A69022F037AE500447267 /* XCRemoteSwiftPackageReference "swift-algorithms" */;
			productName = Algorithms;
		};
		C37AB2BD2F09AFFE008CE98D /* PersistencyLayer */ = {
			isa = XCSwiftPackageProductDependency;
			productName = PersistencyLayer;
		};
		C37AB2C02F09B00E008CE98D /* SwiftDataQuery */ = {
			isa = XCSwiftPackageProductDependency;
			productName = SwiftDataQuery;
		};
/* End XCSwiftPackageProductDependency section */
	};
	rootObject = C35A68CE2F037A9F00447267 /* Project object */;
}
